// !$*UTF8*$!
{
	archiveVersion = 1;
	classes = {
	};
	objectVersion = 55;
	objects = {

/* Begin PBXBuildFile section */
		DB09BEC128134EDE007F408B /* app.storyboard in Resources */ = {isa = PBXBuildFile; fileRef = DB09BEC028134EDE007F408B /* app.storyboard */; };
		DB1E0A222815FECB00C1076A /* settings.storyboard in Resources */ = {isa = PBXBuildFile; fileRef = DB1E0A212815FECB00C1076A /* settings.storyboard */; };
		DB1E0A262816155D00C1076A /* loginStory.storyboard in Resources */ = {isa = PBXBuildFile; fileRef = DB1E0A252816155D00C1076A /* loginStory.storyboard */; };
		DB1E0A282816686700C1076A /* SwiftUIView.swift in Sources */ = {isa = PBXBuildFile; fileRef = DB1E0A272816686600C1076A /* SwiftUIView.swift */; };
		DBD1E633280FCDF800E3C624 /* Launch Screen.storyboard in Resources */ = {isa = PBXBuildFile; fileRef = DBD1E632280FCDF800E3C624 /* Launch Screen.storyboard */; };
		DBE886A627FD126100E64912 /* BDMIKApp.swift in Sources */ = {isa = PBXBuildFile; fileRef = DBE886A527FD126100E64912 /* BDMIKApp.swift */; };
		DBE886AA27FD126800E64912 /* Assets.xcassets in Resources */ = {isa = PBXBuildFile; fileRef = DBE886A927FD126800E64912 /* Assets.xcassets */; };
		DBE886AD27FD126800E64912 /* Preview Assets.xcassets in Resources */ = {isa = PBXBuildFile; fileRef = DBE886AC27FD126800E64912 /* Preview Assets.xcassets */; };
		DBE886B727FD126900E64912 /* BDMIKTests.swift in Sources */ = {isa = PBXBuildFile; fileRef = DBE886B627FD126900E64912 /* BDMIKTests.swift */; };
		DBE886C127FD126900E64912 /* BDMIKUITests.swift in Sources */ = {isa = PBXBuildFile; fileRef = DBE886C027FD126900E64912 /* BDMIKUITests.swift */; };
		DBE886C327FD126900E64912 /* BDMIKUITestsLaunchTests.swift in Sources */ = {isa = PBXBuildFile; fileRef = DBE886C227FD126900E64912 /* BDMIKUITestsLaunchTests.swift */; };
/* End PBXBuildFile section */

/* Begin PBXContainerItemProxy section */
		DBE886B327FD126900E64912 /* PBXContainerItemProxy */ = {
			isa = PBXContainerItemProxy;
			containerPortal = DBE8869A27FD126100E64912 /* Project object */;
			proxyType = 1;
			remoteGlobalIDString = DBE886A127FD126100E64912;
			remoteInfo = BDMIK;
		};
		DBE886BD27FD126900E64912 /* PBXContainerItemProxy */ = {
			isa = PBXContainerItemProxy;
			containerPortal = DBE8869A27FD126100E64912 /* Project object */;
			proxyType = 1;
			remoteGlobalIDString = DBE886A127FD126100E64912;
			remoteInfo = BDMIK;
		};
/* End PBXContainerItemProxy section */

/* Begin PBXFileReference section */
		DB09BEC028134EDE007F408B /* app.storyboard */ = {isa = PBXFileReference; lastKnownFileType = file.storyboard; path = app.storyboard; sourceTree = "<group>"; };
		DB1E0A212815FECB00C1076A /* settings.storyboard */ = {isa = PBXFileReference; lastKnownFileType = file.storyboard; path = settings.storyboard; sourceTree = "<group>"; };
		DB1E0A252816155D00C1076A /* loginStory.storyboard */ = {isa = PBXFileReference; lastKnownFileType = file.storyboard; path = loginStory.storyboard; sourceTree = "<group>"; };
		DB1E0A272816686600C1076A /* SwiftUIView.swift */ = {isa = PBXFileReference; lastKnownFileType = sourcecode.swift; path = SwiftUIView.swift; sourceTree = "<group>"; };
		DBD1E632280FCDF800E3C624 /* Launch Screen.storyboard */ = {isa = PBXFileReference; lastKnownFileType = file.storyboard; path = "Launch Screen.storyboard"; sourceTree = "<group>"; };
		DBE886A227FD126100E64912 /* BDMIK.app */ = {isa = PBXFileReference; explicitFileType = wrapper.application; includeInIndex = 0; path = BDMIK.app; sourceTree = BUILT_PRODUCTS_DIR; };
		DBE886A527FD126100E64912 /* BDMIKApp.swift */ = {isa = PBXFileReference; lastKnownFileType = sourcecode.swift; path = BDMIKApp.swift; sourceTree = "<group>"; };
		DBE886A927FD126800E64912 /* Assets.xcassets */ = {isa = PBXFileReference; lastKnownFileType = folder.assetcatalog; path = Assets.xcassets; sourceTree = "<group>"; };
		DBE886AC27FD126800E64912 /* Preview Assets.xcassets */ = {isa = PBXFileReference; lastKnownFileType = folder.assetcatalog; path = "Preview Assets.xcassets"; sourceTree = "<group>"; };
		DBE886B227FD126900E64912 /* BDMIKTests.xctest */ = {isa = PBXFileReference; explicitFileType = wrapper.cfbundle; includeInIndex = 0; path = BDMIKTests.xctest; sourceTree = BUILT_PRODUCTS_DIR; };
		DBE886B627FD126900E64912 /* BDMIKTests.swift */ = {isa = PBXFileReference; lastKnownFileType = sourcecode.swift; path = BDMIKTests.swift; sourceTree = "<group>"; };
		DBE886BC27FD126900E64912 /* BDMIKUITests.xctest */ = {isa = PBXFileReference; explicitFileType = wrapper.cfbundle; includeInIndex = 0; path = BDMIKUITests.xctest; sourceTree = BUILT_PRODUCTS_DIR; };
		DBE886C027FD126900E64912 /* BDMIKUITests.swift */ = {isa = PBXFileReference; lastKnownFileType = sourcecode.swift; path = BDMIKUITests.swift; sourceTree = "<group>"; };
		DBE886C227FD126900E64912 /* BDMIKUITestsLaunchTests.swift */ = {isa = PBXFileReference; lastKnownFileType = sourcecode.swift; path = BDMIKUITestsLaunchTests.swift; sourceTree = "<group>"; };
/* End PBXFileReference section */

/* Begin PBXFrameworksBuildPhase section */
		DBE8869F27FD126100E64912 /* Frameworks */ = {
			isa = PBXFrameworksBuildPhase;
			buildActionMask = 2147483647;
			files = (
			);
			runOnlyForDeploymentPostprocessing = 0;
		};
		DBE886AF27FD126900E64912 /* Frameworks */ = {
			isa = PBXFrameworksBuildPhase;
			buildActionMask = 2147483647;
			files = (
			);
			runOnlyForDeploymentPostprocessing = 0;
		};
		DBE886B927FD126900E64912 /* Frameworks */ = {
			isa = PBXFrameworksBuildPhase;
			buildActionMask = 2147483647;
			files = (
			);
			runOnlyForDeploymentPostprocessing = 0;
		};
/* End PBXFrameworksBuildPhase section */

/* Begin PBXGroup section */
		DBD1E631280FCAE000E3C624 /* BDMIK story */ = {
			isa = PBXGroup;
			children = (
				DBE886A427FD126100E64912 /* BDMIK */,
				DBD1E632280FCDF800E3C624 /* Launch Screen.storyboard */,
				DB09BEC028134EDE007F408B /* app.storyboard */,
				DB1E0A212815FECB00C1076A /* settings.storyboard */,
				DB1E0A252816155D00C1076A /* loginStory.storyboard */,
			);
			path = "BDMIK story";
			sourceTree = "<group>";
		};
		DBE8869927FD126100E64912 = {
			isa = PBXGroup;
			children = (
				DBE886A927FD126800E64912 /* Assets.xcassets */,
				DBD1E631280FCAE000E3C624 /* BDMIK story */,
				DBE886B527FD126900E64912 /* BDMIKTests */,
				DBE886BF27FD126900E64912 /* BDMIKUITests */,
				DBE886A327FD126100E64912 /* Products */,
			);
			sourceTree = "<group>";
		};
		DBE886A327FD126100E64912 /* Products */ = {
			isa = PBXGroup;
			children = (
				DBE886A227FD126100E64912 /* BDMIK.app */,
				DBE886B227FD126900E64912 /* BDMIKTests.xctest */,
				DBE886BC27FD126900E64912 /* BDMIKUITests.xctest */,
			);
			name = Products;
			sourceTree = "<group>";
		};
		DBE886A427FD126100E64912 /* BDMIK */ = {
			isa = PBXGroup;
			children = (
				DBE886A527FD126100E64912 /* BDMIKApp.swift */,
				DB1E0A272816686600C1076A /* SwiftUIView.swift */,
				DBE886AB27FD126800E64912 /* Preview Content */,
			);
			path = BDMIK;
			sourceTree = "<group>";
		};
		DBE886AB27FD126800E64912 /* Preview Content */ = {
			isa = PBXGroup;
			children = (
				DBE886AC27FD126800E64912 /* Preview Assets.xcassets */,
			);
			path = "Preview Content";
			sourceTree = "<group>";
		};
		DBE886B527FD126900E64912 /* BDMIKTests */ = {
			isa = PBXGroup;
			children = (
				DBE886B627FD126900E64912 /* BDMIKTests.swift */,
			);
			path = BDMIKTests;
			sourceTree = "<group>";
		};
		DBE886BF27FD126900E64912 /* BDMIKUITests */ = {
			isa = PBXGroup;
			children = (
				DBE886C027FD126900E64912 /* BDMIKUITests.swift */,
				DBE886C227FD126900E64912 /* BDMIKUITestsLaunchTests.swift */,
			);
			path = BDMIKUITests;
			sourceTree = "<group>";
		};
/* End PBXGroup section */

/* Begin PBXNativeTarget section */
		DBE886A127FD126100E64912 /* BDMIK */ = {
			isa = PBXNativeTarget;
			buildConfigurationList = DBE886C627FD126900E64912 /* Build configuration list for PBXNativeTarget "BDMIK" */;
			buildPhases = (
				DBE8869E27FD126100E64912 /* Sources */,
				DBE8869F27FD126100E64912 /* Frameworks */,
				DBE886A027FD126100E64912 /* Resources */,
			);
			buildRules = (
			);
			dependencies = (
			);
			name = BDMIK;
			productName = BDMIK;
			productReference = DBE886A227FD126100E64912 /* BDMIK.app */;
			productType = "com.apple.product-type.application";
		};
		DBE886B127FD126900E64912 /* BDMIKTests */ = {
			isa = PBXNativeTarget;
			buildConfigurationList = DBE886C927FD126900E64912 /* Build configuration list for PBXNativeTarget "BDMIKTests" */;
			buildPhases = (
				DBE886AE27FD126900E64912 /* Sources */,
				DBE886AF27FD126900E64912 /* Frameworks */,
				DBE886B027FD126900E64912 /* Resources */,
			);
			buildRules = (
			);
			dependencies = (
				DBE886B427FD126900E64912 /* PBXTargetDependency */,
			);
			name = BDMIKTests;
			productName = BDMIKTests;
			productReference = DBE886B227FD126900E64912 /* BDMIKTests.xctest */;
			productType = "com.apple.product-type.bundle.unit-test";
		};
		DBE886BB27FD126900E64912 /* BDMIKUITests */ = {
			isa = PBXNativeTarget;
			buildConfigurationList = DBE886CC27FD126900E64912 /* Build configuration list for PBXNativeTarget "BDMIKUITests" */;
			buildPhases = (
				DBE886B827FD126900E64912 /* Sources */,
				DBE886B927FD126900E64912 /* Frameworks */,
				DBE886BA27FD126900E64912 /* Resources */,
			);
			buildRules = (
			);
			dependencies = (
				DBE886BE27FD126900E64912 /* PBXTargetDependency */,
			);
			name = BDMIKUITests;
			productName = BDMIKUITests;
			productReference = DBE886BC27FD126900E64912 /* BDMIKUITests.xctest */;
			productType = "com.apple.product-type.bundle.ui-testing";
		};
/* End PBXNativeTarget section */

/* Begin PBXProject section */
		DBE8869A27FD126100E64912 /* Project object */ = {
			isa = PBXProject;
			attributes = {
				BuildIndependentTargetsInParallel = 1;
				LastSwiftUpdateCheck = 1330;
				LastUpgradeCheck = 1330;
				TargetAttributes = {
					DBE886A127FD126100E64912 = {
						CreatedOnToolsVersion = 13.3;
					};
					DBE886B127FD126900E64912 = {
						CreatedOnToolsVersion = 13.3;
						TestTargetID = DBE886A127FD126100E64912;
					};
					DBE886BB27FD126900E64912 = {
						CreatedOnToolsVersion = 13.3;
						TestTargetID = DBE886A127FD126100E64912;
					};
				};
			};
			buildConfigurationList = DBE8869D27FD126100E64912 /* Build configuration list for PBXProject "BDMIK" */;
			compatibilityVersion = "Xcode 13.0";
			developmentRegion = en;
			hasScannedForEncodings = 0;
			knownRegions = (
				en,
				Base,
			);
			mainGroup = DBE8869927FD126100E64912;
			productRefGroup = DBE886A327FD126100E64912 /* Products */;
			projectDirPath = "";
			projectRoot = "";
			targets = (
				DBE886A127FD126100E64912 /* BDMIK */,
				DBE886B127FD126900E64912 /* BDMIKTests */,
				DBE886BB27FD126900E64912 /* BDMIKUITests */,
			);
		};
/* End PBXProject section */

/* Begin PBXResourcesBuildPhase section */
		DBE886A027FD126100E64912 /* Resources */ = {
			isa = PBXResourcesBuildPhase;
			buildActionMask = 2147483647;
			files = (
				DB1E0A262816155D00C1076A /* loginStory.storyboard in Resources */,
				DBD1E633280FCDF800E3C624 /* Launch Screen.storyboard in Resources */,
				DBE886AD27FD126800E64912 /* Preview Assets.xcassets in Resources */,
				DB09BEC128134EDE007F408B /* app.storyboard in Resources */,
				DBE886AA27FD126800E64912 /* Assets.xcassets in Resources */,
				DB1E0A222815FECB00C1076A /* settings.storyboard in Resources */,
			);
			runOnlyForDeploymentPostprocessing = 0;
		};
		DBE886B027FD126900E64912 /* Resources */ = {
			isa = PBXResourcesBuildPhase;
			buildActionMask = 2147483647;
			files = (
			);
			runOnlyForDeploymentPostprocessing = 0;
		};
		DBE886BA27FD126900E64912 /* Resources */ = {
			isa = PBXResourcesBuildPhase;
			buildActionMask = 2147483647;
			files = (
			);
			runOnlyForDeploymentPostprocessing = 0;
		};
/* End PBXResourcesBuildPhase section */

/* Begin PBXSourcesBuildPhase section */
		DBE8869E27FD126100E64912 /* Sources */ = {
			isa = PBXSourcesBuildPhase;
			buildActionMask = 2147483647;
			files = (
				DB1E0A282816686700C1076A /* SwiftUIView.swift in Sources */,
				DBE886A627FD126100E64912 /* BDMIKApp.swift in Sources */,
			);
			runOnlyForDeploymentPostprocessing = 0;
		};
		DBE886AE27FD126900E64912 /* Sources */ = {
			isa = PBXSourcesBuildPhase;
			buildActionMask = 2147483647;
			files = (
				DBE886B727FD126900E64912 /* BDMIKTests.swift in Sources */,
			);
			runOnlyForDeploymentPostprocessing = 0;
		};
		DBE886B827FD126900E64912 /* Sources */ = {
			isa = PBXSourcesBuildPhase;
			buildActionMask = 2147483647;
			files = (
				DBE886C327FD126900E64912 /* BDMIKUITestsLaunchTests.swift in Sources */,
				DBE886C127FD126900E64912 /* BDMIKUITests.swift in Sources */,
			);
			runOnlyForDeploymentPostprocessing = 0;
		};
/* End PBXSourcesBuildPhase section */

/* Begin PBXTargetDependency section */
		DBE886B427FD126900E64912 /* PBXTargetDependency */ = {
			isa = PBXTargetDependency;
			target = DBE886A127FD126100E64912 /* BDMIK */;
			targetProxy = DBE886B327FD126900E64912 /* PBXContainerItemProxy */;
		};
		DBE886BE27FD126900E64912 /* PBXTargetDependency */ = {
			isa = PBXTargetDependency;
			target = DBE886A127FD126100E64912 /* BDMIK */;
			targetProxy = DBE886BD27FD126900E64912 /* PBXContainerItemProxy */;
		};
/* End PBXTargetDependency section */

/* Begin XCBuildConfiguration section */
		DBE886C427FD126900E64912 /* Debug */ = {
			isa = XCBuildConfiguration;
			buildSettings = {
				ALWAYS_SEARCH_USER_PATHS = NO;
				ASSETCATALOG_COMPILER_LAUNCHIMAGE_NAME = "";
				CLANG_ANALYZER_NONNULL = YES;
				CLANG_ANALYZER_NUMBER_OBJECT_CONVERSION = YES_AGGRESSIVE;
				CLANG_CXX_LANGUAGE_STANDARD = "gnu++17";
				CLANG_ENABLE_MODULES = YES;
				CLANG_ENABLE_OBJC_ARC = YES;
				CLANG_ENABLE_OBJC_WEAK = YES;
				CLANG_WARN_BLOCK_CAPTURE_AUTORELEASING = YES;
				CLANG_WARN_BOOL_CONVERSION = YES;
				CLANG_WARN_COMMA = YES;
				CLANG_WARN_CONSTANT_CONVERSION = YES;
				CLANG_WARN_DEPRECATED_OBJC_IMPLEMENTATIONS = YES;
				CLANG_WARN_DIRECT_OBJC_ISA_USAGE = YES_ERROR;
				CLANG_WARN_DOCUMENTATION_COMMENTS = YES;
				CLANG_WARN_EMPTY_BODY = YES;
				CLANG_WARN_ENUM_CONVERSION = YES;
				CLANG_WARN_INFINITE_RECURSION = YES;
				CLANG_WARN_INT_CONVERSION = YES;
				CLANG_WARN_NON_LITERAL_NULL_CONVERSION = YES;
				CLANG_WARN_OBJC_IMPLICIT_RETAIN_SELF = YES;
				CLANG_WARN_OBJC_LITERAL_CONVERSION = YES;
				CLANG_WARN_OBJC_ROOT_CLASS = YES_ERROR;
				CLANG_WARN_QUOTED_INCLUDE_IN_FRAMEWORK_HEADER = YES;
				CLANG_WARN_RANGE_LOOP_ANALYSIS = YES;
				CLANG_WARN_STRICT_PROTOTYPES = YES;
				CLANG_WARN_SUSPICIOUS_MOVE = YES;
				CLANG_WARN_UNGUARDED_AVAILABILITY = YES_AGGRESSIVE;
				CLANG_WARN_UNREACHABLE_CODE = YES;
				CLANG_WARN__DUPLICATE_METHOD_MATCH = YES;
				COPY_PHASE_STRIP = NO;
				DEBUG_INFORMATION_FORMAT = dwarf;
				ENABLE_STRICT_OBJC_MSGSEND = YES;
				ENABLE_TESTABILITY = YES;
				GCC_C_LANGUAGE_STANDARD = gnu11;
				GCC_DYNAMIC_NO_PIC = NO;
				GCC_NO_COMMON_BLOCKS = YES;
				GCC_OPTIMIZATION_LEVEL = 0;
				GCC_PREPROCESSOR_DEFINITIONS = (
					"DEBUG=1",
					"$(inherited)",
				);
				GCC_WARN_64_TO_32_BIT_CONVERSION = YES;
				GCC_WARN_ABOUT_RETURN_TYPE = YES_ERROR;
				GCC_WARN_UNDECLARED_SELECTOR = YES;
				GCC_WARN_UNINITIALIZED_AUTOS = YES_AGGRESSIVE;
				GCC_WARN_UNUSED_FUNCTION = YES;
				GCC_WARN_UNUSED_VARIABLE = YES;
				INFOPLIST_KEY_UILaunchScreen_Generation = NO;
				INFOPLIST_KEY_UILaunchStoryboardName = "";
				IPHONEOS_DEPLOYMENT_TARGET = 15.4;
				MTL_ENABLE_DEBUG_INFO = INCLUDE_SOURCE;
				MTL_FAST_MATH = YES;
				ONLY_ACTIVE_ARCH = YES;
				SDKROOT = iphoneos;
				SWIFT_ACTIVE_COMPILATION_CONDITIONS = DEBUG;
				SWIFT_OPTIMIZATION_LEVEL = "-Onone";
			};
			name = Debug;
		};
		DBE886C527FD126900E64912 /* Release */ = {
			isa = XCBuildConfiguration;
			buildSettings = {
				ALWAYS_SEARCH_USER_PATHS = NO;
				ASSETCATALOG_COMPILER_LAUNCHIMAGE_NAME = "";
				CLANG_ANALYZER_NONNULL = YES;
				CLANG_ANALYZER_NUMBER_OBJECT_CONVERSION = YES_AGGRESSIVE;
				CLANG_CXX_LANGUAGE_STANDARD = "gnu++17";
				CLANG_ENABLE_MODULES = YES;
				CLANG_ENABLE_OBJC_ARC = YES;
				CLANG_ENABLE_OBJC_WEAK = YES;
				CLANG_WARN_BLOCK_CAPTURE_AUTORELEASING = YES;
				CLANG_WARN_BOOL_CONVERSION = YES;
				CLANG_WARN_COMMA = YES;
				CLANG_WARN_CONSTANT_CONVERSION = YES;
				CLANG_WARN_DEPRECATED_OBJC_IMPLEMENTATIONS = YES;
				CLANG_WARN_DIRECT_OBJC_ISA_USAGE = YES_ERROR;
				CLANG_WARN_DOCUMENTATION_COMMENTS = YES;
				CLANG_WARN_EMPTY_BODY = YES;
				CLANG_WARN_ENUM_CONVERSION = YES;
				CLANG_WARN_INFINITE_RECURSION = YES;
				CLANG_WARN_INT_CONVERSION = YES;
				CLANG_WARN_NON_LITERAL_NULL_CONVERSION = YES;
				CLANG_WARN_OBJC_IMPLICIT_RETAIN_SELF = YES;
				CLANG_WARN_OBJC_LITERAL_CONVERSION = YES;
				CLANG_WARN_OBJC_ROOT_CLASS = YES_ERROR;
				CLANG_WARN_QUOTED_INCLUDE_IN_FRAMEWORK_HEADER = YES;
				CLANG_WARN_RANGE_LOOP_ANALYSIS = YES;
				CLANG_WARN_STRICT_PROTOTYPES = YES;
				CLANG_WARN_SUSPICIOUS_MOVE = YES;
				CLANG_WARN_UNGUARDED_AVAILABILITY = YES_AGGRESSIVE;
				CLANG_WARN_UNREACHABLE_CODE = YES;
				CLANG_WARN__DUPLICATE_METHOD_MATCH = YES;
				COPY_PHASE_STRIP = NO;
				DEBUG_INFORMATION_FORMAT = "dwarf-with-dsym";
				ENABLE_NS_ASSERTIONS = NO;
				ENABLE_STRICT_OBJC_MSGSEND = YES;
				GCC_C_LANGUAGE_STANDARD = gnu11;
				GCC_NO_COMMON_BLOCKS = YES;
				GCC_WARN_64_TO_32_BIT_CONVERSION = YES;
				GCC_WARN_ABOUT_RETURN_TYPE = YES_ERROR;
				GCC_WARN_UNDECLARED_SELECTOR = YES;
				GCC_WARN_UNINITIALIZED_AUTOS = YES_AGGRESSIVE;
				GCC_WARN_UNUSED_FUNCTION = YES;
				GCC_WARN_UNUSED_VARIABLE = YES;
				INFOPLIST_KEY_UILaunchScreen_Generation = NO;
				INFOPLIST_KEY_UILaunchStoryboardName = "";
				IPHONEOS_DEPLOYMENT_TARGET = 15.4;
				MTL_ENABLE_DEBUG_INFO = NO;
				MTL_FAST_MATH = YES;
				SDKROOT = iphoneos;
				SWIFT_COMPILATION_MODE = wholemodule;
				SWIFT_OPTIMIZATION_LEVEL = "-O";
				VALIDATE_PRODUCT = YES;
			};
			name = Release;
		};
		DBE886C727FD126900E64912 /* Debug */ = {
			isa = XCBuildConfiguration;
			buildSettings = {
				ASSETCATALOG_COMPILER_APPICON_NAME = AppIcon;
				ASSETCATALOG_COMPILER_GLOBAL_ACCENT_COLOR_NAME = AccentColor;
				CODE_SIGN_STYLE = Automatic;
				CURRENT_PROJECT_VERSION = 1;
				DEVELOPMENT_ASSET_PATHS = "";
				ENABLE_PREVIEWS = YES;
				GENERATE_INFOPLIST_FILE = YES;
				INFOPLIST_KEY_UIApplicationSceneManifest_Generation = YES;
				INFOPLIST_KEY_UIApplicationSupportsIndirectInputEvents = YES;
				INFOPLIST_KEY_UILaunchScreen_Generation = YES;
				INFOPLIST_KEY_UILaunchStoryboardName = "Launch Screen";
				INFOPLIST_KEY_UIMainStoryboardFile = loginStory;
				INFOPLIST_KEY_UISupportedInterfaceOrientations = "";
				INFOPLIST_KEY_UISupportedInterfaceOrientations_iPad = "UIInterfaceOrientationPortrait UIInterfaceOrientationPortraitUpsideDown UIInterfaceOrientationLandscapeLeft UIInterfaceOrientationLandscapeRight";
				INFOPLIST_KEY_UISupportedInterfaceOrientations_iPhone = "UIInterfaceOrientationPortrait UIInterfaceOrientationLandscapeLeft UIInterfaceOrientationLandscapeRight";
				LD_RUNPATH_SEARCH_PATHS = (
					"$(inherited)",
					"@executable_path/Frameworks",
				);
				MARKETING_VERSION = 1.0;
				PRODUCT_BUNDLE_IDENTIFIER = com.BDMIK.BDMIK;
				PRODUCT_NAME = "$(TARGET_NAME)";
				SWIFT_EMIT_LOC_STRINGS = YES;
				SWIFT_VERSION = 5.0;
				TARGETED_DEVICE_FAMILY = 1;
				launchscreen = "";
				"launchscreen[arch=*]" = "";
				s = "";
			};
			name = Debug;
		};
		DBE886C827FD126900E64912 /* Release */ = {
			isa = XCBuildConfiguration;
			buildSettings = {
				ASSETCATALOG_COMPILER_APPICON_NAME = AppIcon;
				ASSETCATALOG_COMPILER_GLOBAL_ACCENT_COLOR_NAME = AccentColor;
				CODE_SIGN_STYLE = Automatic;
				CURRENT_PROJECT_VERSION = 1;
				DEVELOPMENT_ASSET_PATHS = "";
				ENABLE_PREVIEWS = YES;
				GENERATE_INFOPLIST_FILE = YES;
				INFOPLIST_KEY_UIApplicationSceneManifest_Generation = YES;
				INFOPLIST_KEY_UIApplicationSupportsIndirectInputEvents = YES;
				INFOPLIST_KEY_UILaunchScreen_Generation = YES;
				INFOPLIST_KEY_UILaunchStoryboardName = "Launch Screen";
				INFOPLIST_KEY_UIMainStoryboardFile = loginStory;
				INFOPLIST_KEY_UISupportedInterfaceOrientations = "";
				INFOPLIST_KEY_UISupportedInterfaceOrientations_iPad = "UIInterfaceOrientationPortrait UIInterfaceOrientationPortraitUpsideDown UIInterfaceOrientationLandscapeLeft UIInterfaceOrientationLandscapeRight";
				INFOPLIST_KEY_UISupportedInterfaceOrientations_iPhone = "UIInterfaceOrientationPortrait UIInterfaceOrientationLandscapeLeft UIInterfaceOrientationLandscapeRight";
				LD_RUNPATH_SEARCH_PATHS = (
					"$(inherited)",
					"@executable_path/Frameworks",
				);
				MARKETING_VERSION = 1.0;
				PRODUCT_BUNDLE_IDENTIFIER = com.BDMIK.BDMIK;
				PRODUCT_NAME = "$(TARGET_NAME)";
				SWIFT_EMIT_LOC_STRINGS = YES;
				SWIFT_VERSION = 5.0;
				TARGETED_DEVICE_FAMILY = 1;
				launchscreen = "";
				s = "";
			};
			name = Release;
		};
		DBE886CA27FD126900E64912 /* Debug */ = {
			isa = XCBuildConfiguration;
			buildSettings = {
				ALWAYS_EMBED_SWIFT_STANDARD_LIBRARIES = YES;
				BUNDLE_LOADER = "$(TEST_HOST)";
				CODE_SIGN_STYLE = Automatic;
				CURRENT_PROJECT_VERSION = 1;
				GENERATE_INFOPLIST_FILE = YES;
				IPHONEOS_DEPLOYMENT_TARGET = 15.4;
				MARKETING_VERSION = 1.0;
				PRODUCT_BUNDLE_IDENTIFIER = com.BDMIK.BDMIKTests;
				PRODUCT_NAME = "$(TARGET_NAME)";
				SWIFT_EMIT_LOC_STRINGS = NO;
				SWIFT_VERSION = 5.0;
				TARGETED_DEVICE_FAMILY = "1,2";
				TEST_HOST = "$(BUILT_PRODUCTS_DIR)/BDMIK.app/BDMIK";
			};
			name = Debug;
		};
		DBE886CB27FD126900E64912 /* Release */ = {
			isa = XCBuildConfiguration;
			buildSettings = {
				ALWAYS_EMBED_SWIFT_STANDARD_LIBRARIES = YES;
				BUNDLE_LOADER = "$(TEST_HOST)";
				CODE_SIGN_STYLE = Automatic;
				CURRENT_PROJECT_VERSION = 1;
				GENERATE_INFOPLIST_FILE = YES;
				IPHONEOS_DEPLOYMENT_TARGET = 15.4;
				MARKETING_VERSION = 1.0;
				PRODUCT_BUNDLE_IDENTIFIER = com.BDMIK.BDMIKTests;
				PRODUCT_NAME = "$(TARGET_NAME)";
				SWIFT_EMIT_LOC_STRINGS = NO;
				SWIFT_VERSION = 5.0;
				TARGETED_DEVICE_FAMILY = "1,2";
				TEST_HOST = "$(BUILT_PRODUCTS_DIR)/BDMIK.app/BDMIK";
			};
			name = Release;
		};
		DBE886CD27FD126900E64912 /* Debug */ = {
			isa = XCBuildConfiguration;
			buildSettings = {
				ALWAYS_EMBED_SWIFT_STANDARD_LIBRARIES = YES;
				CODE_SIGN_STYLE = Automatic;
				CURRENT_PROJECT_VERSION = 1;
				GENERATE_INFOPLIST_FILE = YES;
				MARKETING_VERSION = 1.0;
				PRODUCT_BUNDLE_IDENTIFIER = com.BDMIK.BDMIKUITests;
				PRODUCT_NAME = "$(TARGET_NAME)";
				SWIFT_EMIT_LOC_STRINGS = NO;
				SWIFT_VERSION = 5.0;
				TARGETED_DEVICE_FAMILY = "1,2";
				TEST_TARGET_NAME = BDMIK;
			};
			name = Debug;
		};
		DBE886CE27FD126900E64912 /* Release */ = {
			isa = XCBuildConfiguration;
			buildSettings = {
				ALWAYS_EMBED_SWIFT_STANDARD_LIBRARIES = YES;
				CODE_SIGN_STYLE = Automatic;
				CURRENT_PROJECT_VERSION = 1;
				GENERATE_INFOPLIST_FILE = YES;
				MARKETING_VERSION = 1.0;
				PRODUCT_BUNDLE_IDENTIFIER = com.BDMIK.BDMIKUITests;
				PRODUCT_NAME = "$(TARGET_NAME)";
				SWIFT_EMIT_LOC_STRINGS = NO;
				SWIFT_VERSION = 5.0;
				TARGETED_DEVICE_FAMILY = "1,2";
				TEST_TARGET_NAME = BDMIK;
			};
			name = Release;
		};
/* End XCBuildConfiguration section */

/* Begin XCConfigurationList section */
		DBE8869D27FD126100E64912 /* Build configuration list for PBXProject "BDMIK" */ = {
			isa = XCConfigurationList;
			buildConfigurations = (
				DBE886C427FD126900E64912 /* Debug */,
				DBE886C527FD126900E64912 /* Release */,
			);
			defaultConfigurationIsVisible = 0;
			defaultConfigurationName = Release;
		};
		DBE886C627FD126900E64912 /* Build configuration list for PBXNativeTarget "BDMIK" */ = {
			isa = XCConfigurationList;
			buildConfigurations = (
				DBE886C727FD126900E64912 /* Debug */,
				DBE886C827FD126900E64912 /* Release */,
			);
			defaultConfigurationIsVisible = 0;
			defaultConfigurationName = Release;
		};
		DBE886C927FD126900E64912 /* Build configuration list for PBXNativeTarget "BDMIKTests" */ = {
			isa = XCConfigurationList;
			buildConfigurations = (
				DBE886CA27FD126900E64912 /* Debug */,
				DBE886CB27FD126900E64912 /* Release */,
			);
			defaultConfigurationIsVisible = 0;
			defaultConfigurationName = Release;
		};
		DBE886CC27FD126900E64912 /* Build configuration list for PBXNativeTarget "BDMIKUITests" */ = {
			isa = XCConfigurationList;
			buildConfigurations = (
				DBE886CD27FD126900E64912 /* Debug */,
				DBE886CE27FD126900E64912 /* Release */,
			);
			defaultConfigurationIsVisible = 0;
			defaultConfigurationName = Release;
		};
/* End XCConfigurationList section */
	};
	rootObject = DBE8869A27FD126100E64912 /* Project object */;
}
